
Microsoft Visual Studio Solution File, Format Version 12.00
Project("{FAE04EC0-301F-11D3-BF4B-00C04F79EFBC}") = "NowPlayingSpotify", "NowPlayingSpotify.csproj", "{87F6F69C-29AE-45F1-B700-AB23184F5978}"
EndProject
Global
	GlobalSection(SolutionConfigurationPlatforms) = preSolution
		Debug|Any CPU = Debug|Any CPU
		Release|Any CPU = Release|Any CPU
	EndGlobalSection
	GlobalSection(ProjectConfigurationPlatforms) = postSolution
		{87F6F69C-29AE-45F1-B700-AB23184F5978}.Debug|Any CPU.ActiveCfg = Debug|Any CPU
		{87F6F69C-29AE-45F1-B700-AB23184F5978}.Debug|Any CPU.Build.0 = Debug|Any CPU
		{87F6F69C-29AE-45F1-B700-AB23184F5978}.Release|Any CPU.ActiveCfg = Release|Any CPU
		{87F6F69C-29AE-45F1-B700-AB23184F5978}.Release|Any CPU.Build.0 = Release|Any CPU
	EndGlobalSection
EndGlobal
